{
  "requires": true,
  "lockfileVersion": 1,
  "dependencies": {
    "babel-plugin-external-helpers": {
      "version": "6.22.0",
      "resolved": "https://registry.npmjs.org/babel-plugin-external-helpers/-/babel-plugin-external-helpers-6.22.0.tgz",
      "integrity": "sha1-IoX0iwK9Xe3oUXXK+MYuhq3M76E=",
      "requires": {
        "babel-runtime": "6.26.0"
      }
    },
    "babel-runtime": {
      "version": "6.26.0",
      "resolved": "https://registry.npmjs.org/babel-runtime/-/babel-runtime-6.26.0.tgz",
      "integrity": "sha1-llxwWGaOgrVde/4E/yM3vItWR/4=",
      "requires": {
        "core-js": "2.5.5",
        "regenerator-runtime": "0.11.1"
      }
    },
    "coordtransform": {
      "version": "2.1.2",
      "resolved": "https://registry.npmjs.org/coordtransform/-/coordtransform-2.1.2.tgz",
      "integrity": "sha1-CQNJzWKx3AX65HspG/nwt86Cf2Y="
    },
    "core-js": {
      "version": "2.5.5",
      "resolved": "https://registry.npmjs.org/core-js/-/core-js-2.5.5.tgz",
      "integrity": "sha1-sU3ek2xkDAV5prUMq8wTLdYSfjs="
    },
    "mapv": {
      "version": "2.0.20",
      "resolved": "https://registry.npmjs.org/mapv/-/mapv-2.0.20.tgz",
      "integrity": "sha512-6CS1TK9lui0PafvdH2AXQwbjUBVDFD07oB0jf4CvSn0wF2322RUoRAj23TDNnlBnTJswLx3bjg0/IIZrQSyJdw==",
      "requires": {
        "babel-plugin-external-helpers": "6.22.0"
      }
    },
    "react-bmap": {
      "version": "1.0.71",
      "resolved": "https://registry.npmjs.org/react-bmap/-/react-bmap-1.0.71.tgz",
      "integrity": "sha512-808/o7XDSRXz1m0klmHyg1848RifnPj+NObnDZFq2Aw6+mhsfnROaaXuDtLnvXYwLXzfpyndqSftvRLRMkBljg==",
      "requires": {
        "mapv": "2.0.20"
      }
    },
    "regenerator-runtime": {
      "version": "0.11.1",
      "resolved": "https://registry.npmjs.org/regenerator-runtime/-/regenerator-runtime-0.11.1.tgz",
      "integrity": "sha512-MguG95oij0fC3QV3URf4V2SDYGJhJnJGqvIIgdECeODCT98wSWDAJ94SSuVpYQUoTcGUIL6L4yNB7j1DFFHSBg=="
    }
  }
}
